// !$*UTF8*$!
{
	archiveVersion = 1;
	classes = {
	};
	objectVersion = 46;
	objects = {

/* Begin PBXBuildFile section */
		F44904141B76D879007F0DFA /* String+Function.swift in Sources */ = {isa = PBXBuildFile; fileRef = F44904131B76D879007F0DFA /* String+Function.swift */; };
		F4548F251B73A18900C97511 /* MobileCoreServices.framework in Frameworks */ = {isa = PBXBuildFile; fileRef = F4548F241B73A18900C97511 /* MobileCoreServices.framework */; };
		F4548F271B73A19E00C97511 /* libxml2.2.dylib in Frameworks */ = {isa = PBXBuildFile; fileRef = F4548F261B73A19E00C97511 /* libxml2.2.dylib */; };
		F4548F371B74918000C97511 /* Memo.swift in Sources */ = {isa = PBXBuildFile; fileRef = F4548F361B74918000C97511 /* Memo.swift */; };
		F4548F3D1B74B3FC00C97511 /* String+FetchTitle.swift in Sources */ = {isa = PBXBuildFile; fileRef = F4548F3C1B74B3FC00C97511 /* String+FetchTitle.swift */; };
		F46439421B78383400760AC5 /* DefaultMemos.plist in Resources */ = {isa = PBXBuildFile; fileRef = F46439411B78383400760AC5 /* DefaultMemos.plist */; };
		F46439441B784B2100760AC5 /* MainInterface.storyboard in Resources */ = {isa = PBXBuildFile; fileRef = F46439461B784B2100760AC5 /* MainInterface.storyboard */; };
		F464394C1B784B8E00760AC5 /* Interface.storyboard in Resources */ = {isa = PBXBuildFile; fileRef = F464394E1B784B8E00760AC5 /* Interface.storyboard */; };
		F4E1C7D41B7B25F1002961AA /* ENSDK.framework in Frameworks */ = {isa = PBXBuildFile; fileRef = F4E1C7D21B7B25F1002961AA /* ENSDK.framework */; };
		F4E1C7D51B7B25F1002961AA /* ENSDKResources.bundle in Resources */ = {isa = PBXBuildFile; fileRef = F4E1C7D31B7B25F1002961AA /* ENSDKResources.bundle */; };
		F4EF79A21B75FF2E00C1B22E /* 印象便签 WatchKit App.app in Resources */ = {isa = PBXBuildFile; fileRef = F4EF79A11B75FF2E00C1B22E /* 印象便签 WatchKit App.app */; };
		F4EF79AF1B75FF2E00C1B22E /* 印象便签 WatchKit Extension.appex in Embed App Extensions */ = {isa = PBXBuildFile; fileRef = F4EF79951B75FF2E00C1B22E /* 印象便签 WatchKit Extension.appex */; settings = {ATTRIBUTES = (RemoveHeadersOnCopy, ); }; };
		F4EF79BC1B75FFC600C1B22E /* Images.xcassets in Resources */ = {isa = PBXBuildFile; fileRef = F4EF79B91B75FFC600C1B22E /* Images.xcassets */; };
		F4EF79C41B75FFFC00C1B22E /* Images.xcassets in Resources */ = {isa = PBXBuildFile; fileRef = F4EF79C01B75FFFC00C1B22E /* Images.xcassets */; };
		F4EF79C91B7600D000C1B22E /* MemoInterfaceController.swift in Sources */ = {isa = PBXBuildFile; fileRef = F4EF79C81B7600D000C1B22E /* MemoInterfaceController.swift */; };
		F4EF79CB1B7602A500C1B22E /* MemoGlanceController.swift in Sources */ = {isa = PBXBuildFile; fileRef = F4EF79CA1B7602A500C1B22E /* MemoGlanceController.swift */; };
		F4EF79D01B762D2600C1B22E /* MemoRowController.swift in Sources */ = {isa = PBXBuildFile; fileRef = F4EF79CF1B762D2600C1B22E /* MemoRowController.swift */; };
		F4EF79D21B764C6300C1B22E /* MemoDetailController.swift in Sources */ = {isa = PBXBuildFile; fileRef = F4EF79D11B764C6300C1B22E /* MemoDetailController.swift */; };
		F4F71C351B7510F70037C704 /* MemoCollectionViewController.swift in Sources */ = {isa = PBXBuildFile; fileRef = F4F71C341B7510F70037C704 /* MemoCollectionViewController.swift */; };
		F4FF82221B72FD71008A80DF /* AppDelegate.swift in Sources */ = {isa = PBXBuildFile; fileRef = F4FF82211B72FD71008A80DF /* AppDelegate.swift */; };
		F4FF82251B72FD71008A80DF /* Memo.xcdatamodeld in Sources */ = {isa = PBXBuildFile; fileRef = F4FF82231B72FD71008A80DF /* Memo.xcdatamodeld */; };
		F4FF822C1B72FD71008A80DF /* Images.xcassets in Resources */ = {isa = PBXBuildFile; fileRef = F4FF822B1B72FD71008A80DF /* Images.xcassets */; };
		F4FF822F1B72FD71008A80DF /* LaunchScreen.xib in Resources */ = {isa = PBXBuildFile; fileRef = F4FF822D1B72FD71008A80DF /* LaunchScreen.xib */; };
		F4FF823B1B72FD71008A80DF /* MemoTests.swift in Sources */ = {isa = PBXBuildFile; fileRef = F4FF823A1B72FD71008A80DF /* MemoTests.swift */; };
		F4FF82451B72FDB9008A80DF /* CoreDataStack.swift in Sources */ = {isa = PBXBuildFile; fileRef = F4FF82441B72FDB9008A80DF /* CoreDataStack.swift */; };
		F4FF82491B72FE27008A80DF /* MemoListViewController.swift in Sources */ = {isa = PBXBuildFile; fileRef = F4FF82481B72FE27008A80DF /* MemoListViewController.swift */; };
		F4FF824B1B72FE40008A80DF /* MemoCell.swift in Sources */ = {isa = PBXBuildFile; fileRef = F4FF824A1B72FE40008A80DF /* MemoCell.swift */; };
		F4FF824D1B72FE4A008A80DF /* LJLabel.swift in Sources */ = {isa = PBXBuildFile; fileRef = F4FF824C1B72FE4A008A80DF /* LJLabel.swift */; };
		F4FF824F1B72FE5B008A80DF /* MemoViewController.swift in Sources */ = {isa = PBXBuildFile; fileRef = F4FF824E1B72FE5B008A80DF /* MemoViewController.swift */; };
		F4FF82591B72FEF7008A80DF /* ShareViewController.swift in Sources */ = {isa = PBXBuildFile; fileRef = F4FF82581B72FEF7008A80DF /* ShareViewController.swift */; };
		F4FF825E1B72FEF7008A80DF /* SharedMemo.appex in Embed App Extensions */ = {isa = PBXBuildFile; fileRef = F4FF82541B72FEF7008A80DF /* SharedMemo.appex */; settings = {ATTRIBUTES = (RemoveHeadersOnCopy, ); }; };
/* End PBXBuildFile section */

/* Begin PBXContainerItemProxy section */
		F4EF79A31B75FF2E00C1B22E /* PBXContainerItemProxy */ = {
			isa = PBXContainerItemProxy;
			containerPortal = F4FF82141B72FD71008A80DF /* Project object */;
			proxyType = 1;
			remoteGlobalIDString = F4EF79A01B75FF2E00C1B22E;
			remoteInfo = "印象便签 WatchKit App";
		};
		F4EF79AD1B75FF2E00C1B22E /* PBXContainerItemProxy */ = {
			isa = PBXContainerItemProxy;
			containerPortal = F4FF82141B72FD71008A80DF /* Project object */;
			proxyType = 1;
			remoteGlobalIDString = F4EF79941B75FF2E00C1B22E;
			remoteInfo = "印象便签 WatchKit Extension";
		};
		F4FF82351B72FD71008A80DF /* PBXContainerItemProxy */ = {
			isa = PBXContainerItemProxy;
			containerPortal = F4FF82141B72FD71008A80DF /* Project object */;
			proxyType = 1;
			remoteGlobalIDString = F4FF821B1B72FD71008A80DF;
			remoteInfo = Memo;
		};
		F4FF825C1B72FEF7008A80DF /* PBXContainerItemProxy */ = {
			isa = PBXContainerItemProxy;
			containerPortal = F4FF82141B72FD71008A80DF /* Project object */;
			proxyType = 1;
			remoteGlobalIDString = F4FF82531B72FEF7008A80DF;
			remoteInfo = SharedMemo;
		};
/* End PBXContainerItemProxy section */

/* Begin PBXCopyFilesBuildPhase section */
		F4FF82621B72FEF7008A80DF /* Embed App Extensions */ = {
			isa = PBXCopyFilesBuildPhase;
			buildActionMask = 2147483647;
			dstPath = "";
			dstSubfolderSpec = 13;
			files = (
				F4FF825E1B72FEF7008A80DF /* SharedMemo.appex in Embed App Extensions */,
				F4EF79AF1B75FF2E00C1B22E /* 印象便签 WatchKit Extension.appex in Embed App Extensions */,
			);
			name = "Embed App Extensions";
			runOnlyForDeploymentPostprocessing = 0;
		};
/* End PBXCopyFilesBuildPhase section */

/* Begin PBXFileReference section */
		F44904131B76D879007F0DFA /* String+Function.swift */ = {isa = PBXFileReference; fileEncoding = 4; lastKnownFileType = sourcecode.swift; path = "String+Function.swift"; sourceTree = "<group>"; };
		F44904171B76E8C1007F0DFA /* zh-Hans */ = {isa = PBXFileReference; lastKnownFileType = text.plist.strings; name = "zh-Hans"; path = "zh-Hans.lproj/LaunchScreen.strings"; sourceTree = "<group>"; };
		F4548F241B73A18900C97511 /* MobileCoreServices.framework */ = {isa = PBXFileReference; lastKnownFileType = wrapper.framework; name = MobileCoreServices.framework; path = System/Library/Frameworks/MobileCoreServices.framework; sourceTree = SDKROOT; };
		F4548F261B73A19E00C97511 /* libxml2.2.dylib */ = {isa = PBXFileReference; lastKnownFileType = "compiled.mach-o.dylib"; name = libxml2.2.dylib; path = usr/lib/libxml2.2.dylib; sourceTree = SDKROOT; };
		F4548F281B73A45900C97511 /* Memo-Bridging-Header.h */ = {isa = PBXFileReference; fileEncoding = 4; lastKnownFileType = sourcecode.c.h; path = "Memo-Bridging-Header.h"; sourceTree = "<group>"; };
		F4548F361B74918000C97511 /* Memo.swift */ = {isa = PBXFileReference; fileEncoding = 4; lastKnownFileType = sourcecode.swift; path = Memo.swift; sourceTree = SOURCE_ROOT; };
		F4548F3C1B74B3FC00C97511 /* String+FetchTitle.swift */ = {isa = PBXFileReference; fileEncoding = 4; lastKnownFileType = sourcecode.swift; path = "String+FetchTitle.swift"; sourceTree = "<group>"; };
		F46439411B78383400760AC5 /* DefaultMemos.plist */ = {isa = PBXFileReference; fileEncoding = 4; lastKnownFileType = text.plist.xml; path = DefaultMemos.plist; sourceTree = "<group>"; };
		F46439431B7848E400760AC5 /* zh-Hans-CN */ = {isa = PBXFileReference; lastKnownFileType = text.plist.strings; name = "zh-Hans-CN"; path = "zh-Hans-CN.lproj/LaunchScreen.strings"; sourceTree = "<group>"; };
		F46439451B784B2100760AC5 /* zh-Hans */ = {isa = PBXFileReference; lastKnownFileType = file.storyboard; name = "zh-Hans"; path = "zh-Hans.lproj/MainInterface.storyboard"; sourceTree = "<group>"; };
		F46439471B784B2500760AC5 /* Base */ = {isa = PBXFileReference; lastKnownFileType = file.storyboard; name = Base; path = Base.lproj/MainInterface.storyboard; sourceTree = "<group>"; };
		F46439491B784B2700760AC5 /* en */ = {isa = PBXFileReference; lastKnownFileType = text.plist.strings; name = en; path = en.lproj/MainInterface.strings; sourceTree = "<group>"; };
		F464394B1B784B5800760AC5 /* zh-Hans-CN */ = {isa = PBXFileReference; lastKnownFileType = text.plist.strings; name = "zh-Hans-CN"; path = "zh-Hans-CN.lproj/MainInterface.strings"; sourceTree = "<group>"; };
		F464394D1B784B8E00760AC5 /* zh-Hans */ = {isa = PBXFileReference; lastKnownFileType = file.storyboard; name = "zh-Hans"; path = "zh-Hans.lproj/Interface.storyboard"; sourceTree = "<group>"; };
		F464394F1B784B8F00760AC5 /* Base */ = {isa = PBXFileReference; lastKnownFileType = file.storyboard; name = Base; path = Base.lproj/Interface.storyboard; sourceTree = "<group>"; };
		F46439511B784B9100760AC5 /* en */ = {isa = PBXFileReference; lastKnownFileType = text.plist.strings; name = en; path = en.lproj/Interface.strings; sourceTree = "<group>"; };
		F46439531B784B9200760AC5 /* zh-Hans-CN */ = {isa = PBXFileReference; lastKnownFileType = text.plist.strings; name = "zh-Hans-CN"; path = "zh-Hans-CN.lproj/Interface.strings"; sourceTree = "<group>"; };
		F4E1C7D21B7B25F1002961AA /* ENSDK.framework */ = {isa = PBXFileReference; lastKnownFileType = wrapper.framework; path = ENSDK.framework; sourceTree = "<group>"; };
		F4E1C7D31B7B25F1002961AA /* ENSDKResources.bundle */ = {isa = PBXFileReference; lastKnownFileType = "wrapper.plug-in"; path = ENSDKResources.bundle; sourceTree = "<group>"; };
		F4EF79951B75FF2E00C1B22E /* 印象便签 WatchKit Extension.appex */ = {isa = PBXFileReference; explicitFileType = "wrapper.app-extension"; includeInIndex = 0; path = "印象便签 WatchKit Extension.appex"; sourceTree = BUILT_PRODUCTS_DIR; };
		F4EF79A11B75FF2E00C1B22E /* 印象便签 WatchKit App.app */ = {isa = PBXFileReference; explicitFileType = wrapper.application; includeInIndex = 0; path = "印象便签 WatchKit App.app"; sourceTree = BUILT_PRODUCTS_DIR; };
		F4EF79B91B75FFC600C1B22E /* Images.xcassets */ = {isa = PBXFileReference; lastKnownFileType = folder.assetcatalog; path = Images.xcassets; sourceTree = "<group>"; };
		F4EF79C01B75FFFC00C1B22E /* Images.xcassets */ = {isa = PBXFileReference; lastKnownFileType = folder.assetcatalog; path = Images.xcassets; sourceTree = "<group>"; };
		F4EF79C11B75FFFC00C1B22E /* Info.plist */ = {isa = PBXFileReference; fileEncoding = 4; lastKnownFileType = text.plist.xml; path = Info.plist; sourceTree = "<group>"; };
		F4EF79C81B7600D000C1B22E /* MemoInterfaceController.swift */ = {isa = PBXFileReference; fileEncoding = 4; lastKnownFileType = sourcecode.swift; path = MemoInterfaceController.swift; sourceTree = "<group>"; };
		F4EF79CA1B7602A500C1B22E /* MemoGlanceController.swift */ = {isa = PBXFileReference; fileEncoding = 4; lastKnownFileType = sourcecode.swift; path = MemoGlanceController.swift; sourceTree = "<group>"; };
		F4EF79CE1B7626CC00C1B22E /* Info.plist */ = {isa = PBXFileReference; lastKnownFileType = text.plist.xml; path = Info.plist; sourceTree = "<group>"; };
		F4EF79CF1B762D2600C1B22E /* MemoRowController.swift */ = {isa = PBXFileReference; fileEncoding = 4; lastKnownFileType = sourcecode.swift; path = MemoRowController.swift; sourceTree = "<group>"; };
		F4EF79D11B764C6300C1B22E /* MemoDetailController.swift */ = {isa = PBXFileReference; fileEncoding = 4; lastKnownFileType = sourcecode.swift; path = MemoDetailController.swift; sourceTree = "<group>"; };
		F4EF79D31B76528900C1B22E /* 印象便签 WatchKit Extension.entitlements */ = {isa = PBXFileReference; lastKnownFileType = text.xml; path = "印象便签 WatchKit Extension.entitlements"; sourceTree = "<group>"; };
		F4F71C341B7510F70037C704 /* MemoCollectionViewController.swift */ = {isa = PBXFileReference; fileEncoding = 4; lastKnownFileType = sourcecode.swift; path = MemoCollectionViewController.swift; sourceTree = "<group>"; };
		F4FF821C1B72FD71008A80DF /* Memo.app */ = {isa = PBXFileReference; explicitFileType = wrapper.application; includeInIndex = 0; path = Memo.app; sourceTree = BUILT_PRODUCTS_DIR; };
		F4FF82201B72FD71008A80DF /* Info.plist */ = {isa = PBXFileReference; lastKnownFileType = text.plist.xml; path = Info.plist; sourceTree = "<group>"; };
		F4FF82211B72FD71008A80DF /* AppDelegate.swift */ = {isa = PBXFileReference; lastKnownFileType = sourcecode.swift; path = AppDelegate.swift; sourceTree = "<group>"; };
		F4FF82241B72FD71008A80DF /* Memo.xcdatamodel */ = {isa = PBXFileReference; lastKnownFileType = wrapper.xcdatamodel; path = Memo.xcdatamodel; sourceTree = "<group>"; };
		F4FF822B1B72FD71008A80DF /* Images.xcassets */ = {isa = PBXFileReference; lastKnownFileType = folder.assetcatalog; path = Images.xcassets; sourceTree = "<group>"; };
		F4FF822E1B72FD71008A80DF /* Base */ = {isa = PBXFileReference; lastKnownFileType = file.xib; name = Base; path = Base.lproj/LaunchScreen.xib; sourceTree = "<group>"; };
		F4FF82341B72FD71008A80DF /* MemoTests.xctest */ = {isa = PBXFileReference; explicitFileType = wrapper.cfbundle; includeInIndex = 0; path = MemoTests.xctest; sourceTree = BUILT_PRODUCTS_DIR; };
		F4FF82391B72FD71008A80DF /* Info.plist */ = {isa = PBXFileReference; lastKnownFileType = text.plist.xml; path = Info.plist; sourceTree = "<group>"; };
		F4FF823A1B72FD71008A80DF /* MemoTests.swift */ = {isa = PBXFileReference; lastKnownFileType = sourcecode.swift; path = MemoTests.swift; sourceTree = "<group>"; };
		F4FF82441B72FDB9008A80DF /* CoreDataStack.swift */ = {isa = PBXFileReference; fileEncoding = 4; lastKnownFileType = sourcecode.swift; path = CoreDataStack.swift; sourceTree = "<group>"; };
		F4FF82481B72FE27008A80DF /* MemoListViewController.swift */ = {isa = PBXFileReference; fileEncoding = 4; lastKnownFileType = sourcecode.swift; path = MemoListViewController.swift; sourceTree = "<group>"; };
		F4FF824A1B72FE40008A80DF /* MemoCell.swift */ = {isa = PBXFileReference; fileEncoding = 4; lastKnownFileType = sourcecode.swift; path = MemoCell.swift; sourceTree = "<group>"; };
		F4FF824C1B72FE4A008A80DF /* LJLabel.swift */ = {isa = PBXFileReference; fileEncoding = 4; lastKnownFileType = sourcecode.swift; path = LJLabel.swift; sourceTree = "<group>"; };
		F4FF824E1B72FE5B008A80DF /* MemoViewController.swift */ = {isa = PBXFileReference; fileEncoding = 4; lastKnownFileType = sourcecode.swift; path = MemoViewController.swift; sourceTree = "<group>"; };
		F4FF82541B72FEF7008A80DF /* SharedMemo.appex */ = {isa = PBXFileReference; explicitFileType = "wrapper.app-extension"; includeInIndex = 0; path = SharedMemo.appex; sourceTree = BUILT_PRODUCTS_DIR; };
		F4FF82571B72FEF7008A80DF /* Info.plist */ = {isa = PBXFileReference; lastKnownFileType = text.plist.xml; path = Info.plist; sourceTree = "<group>"; };
		F4FF82581B72FEF7008A80DF /* ShareViewController.swift */ = {isa = PBXFileReference; lastKnownFileType = sourcecode.swift; path = ShareViewController.swift; sourceTree = "<group>"; };
		F4FF82631B72FFC3008A80DF /* Memo.entitlements */ = {isa = PBXFileReference; lastKnownFileType = text.xml; path = Memo.entitlements; sourceTree = "<group>"; };
		F4FF82641B730005008A80DF /* SharedMemo.entitlements */ = {isa = PBXFileReference; lastKnownFileType = text.xml; path = SharedMemo.entitlements; sourceTree = "<group>"; };
/* End PBXFileReference section */

/* Begin PBXFrameworksBuildPhase section */
		F4EF79921B75FF2E00C1B22E /* Frameworks */ = {
			isa = PBXFrameworksBuildPhase;
			buildActionMask = 2147483647;
			files = (
			);
			runOnlyForDeploymentPostprocessing = 0;
		};
		F4FF82191B72FD71008A80DF /* Frameworks */ = {
			isa = PBXFrameworksBuildPhase;
			buildActionMask = 2147483647;
			files = (
				F4E1C7D41B7B25F1002961AA /* ENSDK.framework in Frameworks */,
				F4548F271B73A19E00C97511 /* libxml2.2.dylib in Frameworks */,
				F4548F251B73A18900C97511 /* MobileCoreServices.framework in Frameworks */,
			);
			runOnlyForDeploymentPostprocessing = 0;
		};
		F4FF82311B72FD71008A80DF /* Frameworks */ = {
			isa = PBXFrameworksBuildPhase;
			buildActionMask = 2147483647;
			files = (
			);
			runOnlyForDeploymentPostprocessing = 0;
		};
		F4FF82511B72FEF7008A80DF /* Frameworks */ = {
			isa = PBXFrameworksBuildPhase;
			buildActionMask = 2147483647;
			files = (
			);
			runOnlyForDeploymentPostprocessing = 0;
		};
/* End PBXFrameworksBuildPhase section */

/* Begin PBXGroup section */
		F4548F1F1B73A13100C97511 /* Framworks */ = {
			isa = PBXGroup;
			children = (
				F4E1C7D21B7B25F1002961AA /* ENSDK.framework */,
				F4E1C7D31B7B25F1002961AA /* ENSDKResources.bundle */,
			);
			name = Framworks;
			sourceTree = "<group>";
		};
		F4EF79B61B75FFC600C1B22E /* 印象便签 WatchKit App */ = {
			isa = PBXGroup;
			children = (
				F4EF79B91B75FFC600C1B22E /* Images.xcassets */,
				F464394E1B784B8E00760AC5 /* Interface.storyboard */,
				F4EF79CE1B7626CC00C1B22E /* Info.plist */,
			);
			path = "印象便签 WatchKit App";
			sourceTree = "<group>";
		};
		F4EF79BE1B75FFFC00C1B22E /* 印象便签 WatchKit Extension */ = {
			isa = PBXGroup;
			children = (
				F4EF79D31B76528900C1B22E /* 印象便签 WatchKit Extension.entitlements */,
				F4EF79C81B7600D000C1B22E /* MemoInterfaceController.swift */,
				F4EF79D11B764C6300C1B22E /* MemoDetailController.swift */,
				F44904131B76D879007F0DFA /* String+Function.swift */,
				F4EF79CF1B762D2600C1B22E /* MemoRowController.swift */,
				F4EF79CA1B7602A500C1B22E /* MemoGlanceController.swift */,
				F4EF79C01B75FFFC00C1B22E /* Images.xcassets */,
				F4EF79C11B75FFFC00C1B22E /* Info.plist */,
			);
			path = "印象便签 WatchKit Extension";
			sourceTree = "<group>";
		};
		F4FF82131B72FD71008A80DF = {
			isa = PBXGroup;
			children = (
				F4548F261B73A19E00C97511 /* libxml2.2.dylib */,
				F4548F241B73A18900C97511 /* MobileCoreServices.framework */,
				F4FF821E1B72FD71008A80DF /* Memo */,
				F4FF82371B72FD71008A80DF /* MemoTests */,
				F4FF82551B72FEF7008A80DF /* SharedMemo */,
				F4EF79BE1B75FFFC00C1B22E /* 印象便签 WatchKit Extension */,
				F4EF79B61B75FFC600C1B22E /* 印象便签 WatchKit App */,
				F4FF821D1B72FD71008A80DF /* Products */,
			);
			sourceTree = "<group>";
		};
		F4FF821D1B72FD71008A80DF /* Products */ = {
			isa = PBXGroup;
			children = (
				F4FF821C1B72FD71008A80DF /* Memo.app */,
				F4FF82341B72FD71008A80DF /* MemoTests.xctest */,
				F4FF82541B72FEF7008A80DF /* SharedMemo.appex */,
				F4EF79951B75FF2E00C1B22E /* 印象便签 WatchKit Extension.appex */,
				F4EF79A11B75FF2E00C1B22E /* 印象便签 WatchKit App.app */,
			);
			name = Products;
			sourceTree = "<group>";
		};
		F4FF821E1B72FD71008A80DF /* Memo */ = {
			isa = PBXGroup;
			children = (
				F4548F1F1B73A13100C97511 /* Framworks */,
				F4FF82631B72FFC3008A80DF /* Memo.entitlements */,
				F4548F361B74918000C97511 /* Memo.swift */,
				F4FF82211B72FD71008A80DF /* AppDelegate.swift */,
				F4FF82441B72FDB9008A80DF /* CoreDataStack.swift */,
				F4FF82481B72FE27008A80DF /* MemoListViewController.swift */,
				F4F71C341B7510F70037C704 /* MemoCollectionViewController.swift */,
				F4FF824A1B72FE40008A80DF /* MemoCell.swift */,
				F4FF824C1B72FE4A008A80DF /* LJLabel.swift */,
				F4FF824E1B72FE5B008A80DF /* MemoViewController.swift */,
				F4548F3C1B74B3FC00C97511 /* String+FetchTitle.swift */,
				F4FF822B1B72FD71008A80DF /* Images.xcassets */,
				F4FF822D1B72FD71008A80DF /* LaunchScreen.xib */,
				F4FF82231B72FD71008A80DF /* Memo.xcdatamodeld */,
				F4FF821F1B72FD71008A80DF /* Supporting Files */,
			);
			path = Memo;
			sourceTree = "<group>";
		};
		F4FF821F1B72FD71008A80DF /* Supporting Files */ = {
			isa = PBXGroup;
			children = (
				F4FF82201B72FD71008A80DF /* Info.plist */,
				F4548F281B73A45900C97511 /* Memo-Bridging-Header.h */,
				F46439411B78383400760AC5 /* DefaultMemos.plist */,
			);
			name = "Supporting Files";
			sourceTree = "<group>";
		};
		F4FF82371B72FD71008A80DF /* MemoTests */ = {
			isa = PBXGroup;
			children = (
				F4FF823A1B72FD71008A80DF /* MemoTests.swift */,
				F4FF82381B72FD71008A80DF /* Supporting Files */,
			);
			path = MemoTests;
			sourceTree = "<group>";
		};
		F4FF82381B72FD71008A80DF /* Supporting Files */ = {
			isa = PBXGroup;
			children = (
				F4FF82391B72FD71008A80DF /* Info.plist */,
			);
			name = "Supporting Files";
			sourceTree = "<group>";
		};
		F4FF82551B72FEF7008A80DF /* SharedMemo */ = {
			isa = PBXGroup;
			children = (
				F4FF82641B730005008A80DF /* SharedMemo.entitlements */,
				F4FF82581B72FEF7008A80DF /* ShareViewController.swift */,
				F46439461B784B2100760AC5 /* MainInterface.storyboard */,
				F4FF82561B72FEF7008A80DF /* Supporting Files */,
			);
			path = SharedMemo;
			sourceTree = "<group>";
		};
		F4FF82561B72FEF7008A80DF /* Supporting Files */ = {
			isa = PBXGroup;
			children = (
				F4FF82571B72FEF7008A80DF /* Info.plist */,
			);
			name = "Supporting Files";
			sourceTree = "<group>";
		};
/* End PBXGroup section */

/* Begin PBXNativeTarget section */
		F4EF79941B75FF2E00C1B22E /* 印象便签 WatchKit Extension */ = {
			isa = PBXNativeTarget;
			buildConfigurationList = F4EF79B51B75FF2E00C1B22E /* Build configuration list for PBXNativeTarget "印象便签 WatchKit Extension" */;
			buildPhases = (
				F4EF79911B75FF2E00C1B22E /* Sources */,
				F4EF79921B75FF2E00C1B22E /* Frameworks */,
				F4EF79931B75FF2E00C1B22E /* Resources */,
			);
			buildRules = (
			);
			dependencies = (
				F4EF79A41B75FF2E00C1B22E /* PBXTargetDependency */,
			);
			name = "印象便签 WatchKit Extension";
			productName = "印象便签 WatchKit Extension";
			productReference = F4EF79951B75FF2E00C1B22E /* 印象便签 WatchKit Extension.appex */;
			productType = "com.apple.product-type.watchkit-extension";
		};
		F4EF79A01B75FF2E00C1B22E /* 印象便签 WatchKit App */ = {
			isa = PBXNativeTarget;
			buildConfigurationList = F4EF79B41B75FF2E00C1B22E /* Build configuration list for PBXNativeTarget "印象便签 WatchKit App" */;
			buildPhases = (
				F4EF799F1B75FF2E00C1B22E /* Resources */,
			);
			buildRules = (
			);
			dependencies = (
			);
			name = "印象便签 WatchKit App";
			productName = "印象便签 WatchKit App";
			productReference = F4EF79A11B75FF2E00C1B22E /* 印象便签 WatchKit App.app */;
			productType = "com.apple.product-type.application.watchapp";
		};
		F4FF821B1B72FD71008A80DF /* Memo */ = {
			isa = PBXNativeTarget;
			buildConfigurationList = F4FF823E1B72FD71008A80DF /* Build configuration list for PBXNativeTarget "Memo" */;
			buildPhases = (
				F4FF82181B72FD71008A80DF /* Sources */,
				F4FF82191B72FD71008A80DF /* Frameworks */,
				F4FF821A1B72FD71008A80DF /* Resources */,
				F4FF82621B72FEF7008A80DF /* Embed App Extensions */,
			);
			buildRules = (
			);
			dependencies = (
				F4FF825D1B72FEF7008A80DF /* PBXTargetDependency */,
				F4EF79AE1B75FF2E00C1B22E /* PBXTargetDependency */,
			);
			name = Memo;
			productName = Memo;
			productReference = F4FF821C1B72FD71008A80DF /* Memo.app */;
			productType = "com.apple.product-type.application";
		};
		F4FF82331B72FD71008A80DF /* MemoTests */ = {
			isa = PBXNativeTarget;
			buildConfigurationList = F4FF82411B72FD71008A80DF /* Build configuration list for PBXNativeTarget "MemoTests" */;
			buildPhases = (
				F4FF82301B72FD71008A80DF /* Sources */,
				F4FF82311B72FD71008A80DF /* Frameworks */,
				F4FF82321B72FD71008A80DF /* Resources */,
			);
			buildRules = (
			);
			dependencies = (
				F4FF82361B72FD71008A80DF /* PBXTargetDependency */,
			);
			name = MemoTests;
			productName = MemoTests;
			productReference = F4FF82341B72FD71008A80DF /* MemoTests.xctest */;
			productType = "com.apple.product-type.bundle.unit-test";
		};
		F4FF82531B72FEF7008A80DF /* SharedMemo */ = {
			isa = PBXNativeTarget;
			buildConfigurationList = F4FF825F1B72FEF7008A80DF /* Build configuration list for PBXNativeTarget "SharedMemo" */;
			buildPhases = (
				F4FF82501B72FEF7008A80DF /* Sources */,
				F4FF82511B72FEF7008A80DF /* Frameworks */,
				F4FF82521B72FEF7008A80DF /* Resources */,
			);
			buildRules = (
			);
			dependencies = (
			);
			name = SharedMemo;
			productName = SharedMemo;
			productReference = F4FF82541B72FEF7008A80DF /* SharedMemo.appex */;
			productType = "com.apple.product-type.app-extension";
		};
/* End PBXNativeTarget section */

/* Begin PBXProject section */
		F4FF82141B72FD71008A80DF /* Project object */ = {
			isa = PBXProject;
			attributes = {
				LastSwiftUpdateCheck = 0700;
				LastUpgradeCheck = 0640;
				ORGANIZATIONNAME = " 李俊";
				TargetAttributes = {
					F4EF79941B75FF2E00C1B22E = {
						CreatedOnToolsVersion = 6.4;
						SystemCapabilities = {
							com.apple.ApplicationGroups.iOS = {
								enabled = 1;
							};
						};
					};
					F4EF79A01B75FF2E00C1B22E = {
						CreatedOnToolsVersion = 6.4;
						DevelopmentTeam = SS76CD8QRS;
					};
					F4FF821B1B72FD71008A80DF = {
						CreatedOnToolsVersion = 6.4;
						SystemCapabilities = {
							com.apple.ApplicationGroups.iOS = {
								enabled = 1;
							};
						};
					};
					F4FF82331B72FD71008A80DF = {
						CreatedOnToolsVersion = 6.4;
						TestTargetID = F4FF821B1B72FD71008A80DF;
					};
					F4FF82531B72FEF7008A80DF = {
						CreatedOnToolsVersion = 6.4;
						SystemCapabilities = {
							com.apple.ApplicationGroups.iOS = {
								enabled = 1;
							};
						};
					};
				};
			};
			buildConfigurationList = F4FF82171B72FD71008A80DF /* Build configuration list for PBXProject "Memo" */;
			compatibilityVersion = "Xcode 3.2";
			developmentRegion = English;
			hasScannedForEncodings = 0;
			knownRegions = (
				en,
				Base,
				"zh-Hans-CN",
			);
			mainGroup = F4FF82131B72FD71008A80DF;
			productRefGroup = F4FF821D1B72FD71008A80DF /* Products */;
			projectDirPath = "";
			projectRoot = "";
			targets = (
				F4FF821B1B72FD71008A80DF /* Memo */,
				F4FF82331B72FD71008A80DF /* MemoTests */,
				F4FF82531B72FEF7008A80DF /* SharedMemo */,
				F4EF79941B75FF2E00C1B22E /* 印象便签 WatchKit Extension */,
				F4EF79A01B75FF2E00C1B22E /* 印象便签 WatchKit App */,
			);
		};
/* End PBXProject section */

/* Begin PBXResourcesBuildPhase section */
		F4EF79931B75FF2E00C1B22E /* Resources */ = {
			isa = PBXResourcesBuildPhase;
			buildActionMask = 2147483647;
			files = (
				F4EF79A21B75FF2E00C1B22E /* 印象便签 WatchKit App.app in Resources */,
				F4EF79C41B75FFFC00C1B22E /* Images.xcassets in Resources */,
			);
			runOnlyForDeploymentPostprocessing = 0;
		};
		F4EF799F1B75FF2E00C1B22E /* Resources */ = {
			isa = PBXResourcesBuildPhase;
			buildActionMask = 2147483647;
			files = (
				F464394C1B784B8E00760AC5 /* Interface.storyboard in Resources */,
				F4EF79BC1B75FFC600C1B22E /* Images.xcassets in Resources */,
			);
			runOnlyForDeploymentPostprocessing = 0;
		};
		F4FF821A1B72FD71008A80DF /* Resources */ = {
			isa = PBXResourcesBuildPhase;
			buildActionMask = 2147483647;
			files = (
				F4FF822F1B72FD71008A80DF /* LaunchScreen.xib in Resources */,
				F4E1C7D51B7B25F1002961AA /* ENSDKResources.bundle in Resources */,
				F46439421B78383400760AC5 /* DefaultMemos.plist in Resources */,
				F4FF822C1B72FD71008A80DF /* Images.xcassets in Resources */,
			);
			runOnlyForDeploymentPostprocessing = 0;
		};
		F4FF82321B72FD71008A80DF /* Resources */ = {
			isa = PBXResourcesBuildPhase;
			buildActionMask = 2147483647;
			files = (
			);
			runOnlyForDeploymentPostprocessing = 0;
		};
		F4FF82521B72FEF7008A80DF /* Resources */ = {
			isa = PBXResourcesBuildPhase;
			buildActionMask = 2147483647;
			files = (
				F46439441B784B2100760AC5 /* MainInterface.storyboard in Resources */,
			);
			runOnlyForDeploymentPostprocessing = 0;
		};
/* End PBXResourcesBuildPhase section */

/* Begin PBXSourcesBuildPhase section */
		F4EF79911B75FF2E00C1B22E /* Sources */ = {
			isa = PBXSourcesBuildPhase;
			buildActionMask = 2147483647;
			files = (
				F4EF79C91B7600D000C1B22E /* MemoInterfaceController.swift in Sources */,
				F4EF79D01B762D2600C1B22E /* MemoRowController.swift in Sources */,
				F4EF79D21B764C6300C1B22E /* MemoDetailController.swift in Sources */,
				F44904141B76D879007F0DFA /* String+Function.swift in Sources */,
				F4EF79CB1B7602A500C1B22E /* MemoGlanceController.swift in Sources */,
			);
			runOnlyForDeploymentPostprocessing = 0;
		};
		F4FF82181B72FD71008A80DF /* Sources */ = {
			isa = PBXSourcesBuildPhase;
			buildActionMask = 2147483647;
			files = (
				F4FF824F1B72FE5B008A80DF /* MemoViewController.swift in Sources */,
				F4FF82451B72FDB9008A80DF /* CoreDataStack.swift in Sources */,
				F4FF82491B72FE27008A80DF /* MemoListViewController.swift in Sources */,
				F4FF824D1B72FE4A008A80DF /* LJLabel.swift in Sources */,
				F4F71C351B7510F70037C704 /* MemoCollectionViewController.swift in Sources */,
				F4FF82221B72FD71008A80DF /* AppDelegate.swift in Sources */,
				F4548F371B74918000C97511 /* Memo.swift in Sources */,
				F4FF82251B72FD71008A80DF /* Memo.xcdatamodeld in Sources */,
				F4548F3D1B74B3FC00C97511 /* String+FetchTitle.swift in Sources */,
				F4FF824B1B72FE40008A80DF /* MemoCell.swift in Sources */,
			);
			runOnlyForDeploymentPostprocessing = 0;
		};
		F4FF82301B72FD71008A80DF /* Sources */ = {
			isa = PBXSourcesBuildPhase;
			buildActionMask = 2147483647;
			files = (
				F4FF823B1B72FD71008A80DF /* MemoTests.swift in Sources */,
			);
			runOnlyForDeploymentPostprocessing = 0;
		};
		F4FF82501B72FEF7008A80DF /* Sources */ = {
			isa = PBXSourcesBuildPhase;
			buildActionMask = 2147483647;
			files = (
				F4FF82591B72FEF7008A80DF /* ShareViewController.swift in Sources */,
			);
			runOnlyForDeploymentPostprocessing = 0;
		};
/* End PBXSourcesBuildPhase section */

/* Begin PBXTargetDependency section */
		F4EF79A41B75FF2E00C1B22E /* PBXTargetDependency */ = {
			isa = PBXTargetDependency;
			target = F4EF79A01B75FF2E00C1B22E /* 印象便签 WatchKit App */;
			targetProxy = F4EF79A31B75FF2E00C1B22E /* PBXContainerItemProxy */;
		};
		F4EF79AE1B75FF2E00C1B22E /* PBXTargetDependency */ = {
			isa = PBXTargetDependency;
			target = F4EF79941B75FF2E00C1B22E /* 印象便签 WatchKit Extension */;
			targetProxy = F4EF79AD1B75FF2E00C1B22E /* PBXContainerItemProxy */;
		};
		F4FF82361B72FD71008A80DF /* PBXTargetDependency */ = {
			isa = PBXTargetDependency;
			target = F4FF821B1B72FD71008A80DF /* Memo */;
			targetProxy = F4FF82351B72FD71008A80DF /* PBXContainerItemProxy */;
		};
		F4FF825D1B72FEF7008A80DF /* PBXTargetDependency */ = {
			isa = PBXTargetDependency;
			target = F4FF82531B72FEF7008A80DF /* SharedMemo */;
			targetProxy = F4FF825C1B72FEF7008A80DF /* PBXContainerItemProxy */;
		};
/* End PBXTargetDependency section */

/* Begin PBXVariantGroup section */
		F46439461B784B2100760AC5 /* MainInterface.storyboard */ = {
			isa = PBXVariantGroup;
			children = (
				F46439451B784B2100760AC5 /* zh-Hans */,
				F46439471B784B2500760AC5 /* Base */,
				F46439491B784B2700760AC5 /* en */,
				F464394B1B784B5800760AC5 /* zh-Hans-CN */,
			);
			name = MainInterface.storyboard;
			sourceTree = "<group>";
		};
		F464394E1B784B8E00760AC5 /* Interface.storyboard */ = {
			isa = PBXVariantGroup;
			children = (
				F464394D1B784B8E00760AC5 /* zh-Hans */,
				F464394F1B784B8F00760AC5 /* Base */,
				F46439511B784B9100760AC5 /* en */,
				F46439531B784B9200760AC5 /* zh-Hans-CN */,
			);
			name = Interface.storyboard;
			sourceTree = "<group>";
		};
		F4FF822D1B72FD71008A80DF /* LaunchScreen.xib */ = {
			isa = PBXVariantGroup;
			children = (
				F4FF822E1B72FD71008A80DF /* Base */,
				F44904171B76E8C1007F0DFA /* zh-Hans */,
				F46439431B7848E400760AC5 /* zh-Hans-CN */,
			);
			name = LaunchScreen.xib;
			sourceTree = "<group>";
		};
/* End PBXVariantGroup section */

/* Begin XCBuildConfiguration section */
		F4EF79B01B75FF2E00C1B22E /* Debug */ = {
			isa = XCBuildConfiguration;
			buildSettings = {
				CODE_SIGN_ENTITLEMENTS = "印象便签 WatchKit Extension/印象便签 WatchKit Extension.entitlements";
				CODE_SIGN_IDENTITY = "iPhone Developer";
				"CODE_SIGN_IDENTITY[sdk=iphoneos*]" = "iPhone Developer";
				EMBEDDED_CONTENT_CONTAINS_SWIFT = NO;
				GCC_PREPROCESSOR_DEFINITIONS = (
					"DEBUG=1",
					"$(inherited)",
				);
				INFOPLIST_FILE = "印象便签 WatchKit Extension/Info.plist";
				LD_RUNPATH_SEARCH_PATHS = "$(inherited) @executable_path/Frameworks @executable_path/../../Frameworks";
				PRODUCT_NAME = "${TARGET_NAME}";
				PROVISIONING_PROFILE = "";
				SKIP_INSTALL = YES;
			};
			name = Debug;
		};
		F4EF79B11B75FF2E00C1B22E /* Release */ = {
			isa = XCBuildConfiguration;
			buildSettings = {
				CODE_SIGN_ENTITLEMENTS = "印象便签 WatchKit Extension/印象便签 WatchKit Extension.entitlements";
				CODE_SIGN_IDENTITY = "iPhone Developer";
				"CODE_SIGN_IDENTITY[sdk=iphoneos*]" = "iPhone Distribution: Jun Li (SS76CD8QRS)";
				EMBEDDED_CONTENT_CONTAINS_SWIFT = NO;
				INFOPLIST_FILE = "印象便签 WatchKit Extension/Info.plist";
				LD_RUNPATH_SEARCH_PATHS = "$(inherited) @executable_path/Frameworks @executable_path/../../Frameworks";
				PRODUCT_NAME = "${TARGET_NAME}";
				PROVISIONING_PROFILE = "";
				SKIP_INSTALL = YES;
			};
			name = Release;
		};
		F4EF79B21B75FF2E00C1B22E /* Debug */ = {
			isa = XCBuildConfiguration;
			buildSettings = {
				ASSETCATALOG_COMPILER_APPICON_NAME = AppIcon;
				CODE_SIGN_IDENTITY = "iPhone Developer";
				EMBEDDED_CONTENT_CONTAINS_SWIFT = NO;
				GCC_PREPROCESSOR_DEFINITIONS = (
					"DEBUG=1",
					"$(inherited)",
				);
				IBSC_MODULE = "_____WatchKit_Extension";
				INFOPLIST_FILE = "印象便签 WatchKit App/Info.plist";
				IPHONEOS_DEPLOYMENT_TARGET = 8.2;
				PRODUCT_NAME = "$(TARGET_NAME)";
				SKIP_INSTALL = YES;
				TARGETED_DEVICE_FAMILY = 4;
				"TARGETED_DEVICE_FAMILY[sdk=iphonesimulator*]" = "1,4";
			};
			name = Debug;
		};
		F4EF79B31B75FF2E00C1B22E /* Release */ = {
			isa = XCBuildConfiguration;
			buildSettings = {
				ASSETCATALOG_COMPILER_APPICON_NAME = AppIcon;
				CODE_SIGN_IDENTITY = "iPhone Distribution: Jun Li (SS76CD8QRS)";
				EMBEDDED_CONTENT_CONTAINS_SWIFT = NO;
				IBSC_MODULE = "_____WatchKit_Extension";
				INFOPLIST_FILE = "印象便签 WatchKit App/Info.plist";
				IPHONEOS_DEPLOYMENT_TARGET = 8.2;
				PRODUCT_NAME = "$(TARGET_NAME)";
				SKIP_INSTALL = YES;
				TARGETED_DEVICE_FAMILY = 4;
				"TARGETED_DEVICE_FAMILY[sdk=iphonesimulator*]" = "1,4";
			};
			name = Release;
		};
		F4FF823C1B72FD71008A80DF /* Debug */ = {
			isa = XCBuildConfiguration;
			buildSettings = {
				ALWAYS_SEARCH_USER_PATHS = NO;
				CLANG_CXX_LANGUAGE_STANDARD = "gnu++0x";
				CLANG_CXX_LIBRARY = "libc++";
				CLANG_ENABLE_MODULES = YES;
				CLANG_ENABLE_OBJC_ARC = YES;
				CLANG_WARN_BOOL_CONVERSION = YES;
				CLANG_WARN_CONSTANT_CONVERSION = YES;
				CLANG_WARN_DIRECT_OBJC_ISA_USAGE = YES_ERROR;
				CLANG_WARN_EMPTY_BODY = YES;
				CLANG_WARN_ENUM_CONVERSION = YES;
				CLANG_WARN_INT_CONVERSION = YES;
				CLANG_WARN_OBJC_ROOT_CLASS = YES_ERROR;
				CLANG_WARN_UNREACHABLE_CODE = YES;
				CLANG_WARN__DUPLICATE_METHOD_MATCH = YES;
				CODE_SIGN_IDENTITY = "iPhone Developer";
				"CODE_SIGN_IDENTITY[sdk=iphoneos*]" = "iPhone Developer";
				COPY_PHASE_STRIP = NO;
				DEBUG_INFORMATION_FORMAT = "dwarf-with-dsym";
				EMBEDDED_CONTENT_CONTAINS_SWIFT = YES;
				ENABLE_STRICT_OBJC_MSGSEND = YES;
				GCC_C_LANGUAGE_STANDARD = gnu99;
				GCC_DYNAMIC_NO_PIC = NO;
				GCC_NO_COMMON_BLOCKS = YES;
				GCC_OPTIMIZATION_LEVEL = 0;
				GCC_PREPROCESSOR_DEFINITIONS = (
					"DEBUG=1",
					"$(inherited)",
				);
				GCC_SYMBOLS_PRIVATE_EXTERN = NO;
				GCC_WARN_64_TO_32_BIT_CONVERSION = YES;
				GCC_WARN_ABOUT_RETURN_TYPE = YES_ERROR;
				GCC_WARN_UNDECLARED_SELECTOR = YES;
				GCC_WARN_UNINITIALIZED_AUTOS = YES_AGGRESSIVE;
				GCC_WARN_UNUSED_FUNCTION = YES;
				GCC_WARN_UNUSED_VARIABLE = YES;
				IPHONEOS_DEPLOYMENT_TARGET = 8.2;
				MTL_ENABLE_DEBUG_INFO = YES;
				ONLY_ACTIVE_ARCH = YES;
				SDKROOT = iphoneos;
				SWIFT_OPTIMIZATION_LEVEL = "-Onone";
				TARGETED_DEVICE_FAMILY = "1,2";
			};
			name = Debug;
		};
		F4FF823D1B72FD71008A80DF /* Release */ = {
			isa = XCBuildConfiguration;
			buildSettings = {
				ALWAYS_SEARCH_USER_PATHS = NO;
				CLANG_CXX_LANGUAGE_STANDARD = "gnu++0x";
				CLANG_CXX_LIBRARY = "libc++";
				CLANG_ENABLE_MODULES = YES;
				CLANG_ENABLE_OBJC_ARC = YES;
				CLANG_WARN_BOOL_CONVERSION = YES;
				CLANG_WARN_CONSTANT_CONVERSION = YES;
				CLANG_WARN_DIRECT_OBJC_ISA_USAGE = YES_ERROR;
				CLANG_WARN_EMPTY_BODY = YES;
				CLANG_WARN_ENUM_CONVERSION = YES;
				CLANG_WARN_INT_CONVERSION = YES;
				CLANG_WARN_OBJC_ROOT_CLASS = YES_ERROR;
				CLANG_WARN_UNREACHABLE_CODE = YES;
				CLANG_WARN__DUPLICATE_METHOD_MATCH = YES;
				CODE_SIGN_IDENTITY = "iPhone Distribution: Jun Li (SS76CD8QRS)";
				"CODE_SIGN_IDENTITY[sdk=iphoneos*]" = "iPhone Distribution: Jun Li (SS76CD8QRS)";
				COPY_PHASE_STRIP = NO;
				DEBUG_INFORMATION_FORMAT = "dwarf-with-dsym";
				EMBEDDED_CONTENT_CONTAINS_SWIFT = YES;
				ENABLE_NS_ASSERTIONS = NO;
				ENABLE_STRICT_OBJC_MSGSEND = YES;
				GCC_C_LANGUAGE_STANDARD = gnu99;
				GCC_NO_COMMON_BLOCKS = YES;
				GCC_WARN_64_TO_32_BIT_CONVERSION = YES;
				GCC_WARN_ABOUT_RETURN_TYPE = YES_ERROR;
				GCC_WARN_UNDECLARED_SELECTOR = YES;
				GCC_WARN_UNINITIALIZED_AUTOS = YES_AGGRESSIVE;
				GCC_WARN_UNUSED_FUNCTION = YES;
				GCC_WARN_UNUSED_VARIABLE = YES;
				IPHONEOS_DEPLOYMENT_TARGET = 8.2;
				MTL_ENABLE_DEBUG_INFO = NO;
				SDKROOT = iphoneos;
				TARGETED_DEVICE_FAMILY = "1,2";
				VALIDATE_PRODUCT = YES;
			};
			name = Release;
		};
		F4FF823F1B72FD71008A80DF /* Debug */ = {
			isa = XCBuildConfiguration;
			buildSettings = {
				ASSETCATALOG_COMPILER_APPICON_NAME = AppIcon;
				CODE_SIGN_ENTITLEMENTS = Memo/Memo.entitlements;
				CODE_SIGN_IDENTITY = "iPhone Developer";
				"CODE_SIGN_IDENTITY[sdk=iphoneos*]" = "iPhone Developer";
				EMBEDDED_CONTENT_CONTAINS_SWIFT = YES;
				FRAMEWORK_SEARCH_PATHS = (
					"$(inherited)",
					"$(PROJECT_DIR)/Memo",
				);
				INFOPLIST_FILE = Memo/Info.plist;
				IPHONEOS_DEPLOYMENT_TARGET = 8.2;
				LD_RUNPATH_SEARCH_PATHS = "$(inherited) @executable_path/Frameworks";
				PRODUCT_NAME = "$(TARGET_NAME)";
				PROVISIONING_PROFILE = "";
				SWIFT_OBJC_BRIDGING_HEADER = "$(SRCROOT)/Memo/Memo-Bridging-Header.h";
			};
			name = Debug;
		};
		F4FF82401B72FD71008A80DF /* Release */ = {
			isa = XCBuildConfiguration;
			buildSettings = {
				ASSETCATALOG_COMPILER_APPICON_NAME = AppIcon;
				CODE_SIGN_ENTITLEMENTS = Memo/Memo.entitlements;
				CODE_SIGN_IDENTITY = "iPhone Developer";
				"CODE_SIGN_IDENTITY[sdk=iphoneos*]" = "iPhone Distribution: Jun Li (SS76CD8QRS)";
				EMBEDDED_CONTENT_CONTAINS_SWIFT = YES;
				FRAMEWORK_SEARCH_PATHS = (
					"$(inherited)",
					"$(PROJECT_DIR)/Memo",
				);
				INFOPLIST_FILE = Memo/Info.plist;
				IPHONEOS_DEPLOYMENT_TARGET = 8.2;
				LD_RUNPATH_SEARCH_PATHS = "$(inherited) @executable_path/Frameworks";
				PRODUCT_NAME = "$(TARGET_NAME)";
				PROVISIONING_PROFILE = "";
				SWIFT_OBJC_BRIDGING_HEADER = "$(SRCROOT)/Memo/Memo-Bridging-Header.h";
			};
			name = Release;
		};
		F4FF82421B72FD71008A80DF /* Debug */ = {
			isa = XCBuildConfiguration;
			buildSettings = {
				BUNDLE_LOADER = "$(TEST_HOST)";
				FRAMEWORK_SEARCH_PATHS = (
					"$(SDKROOT)/Developer/Library/Frameworks",
					"$(inherited)",
				);
				GCC_PREPROCESSOR_DEFINITIONS = (
					"DEBUG=1",
					"$(inherited)",
				);
				INFOPLIST_FILE = MemoTests/Info.plist;
				LD_RUNPATH_SEARCH_PATHS = "$(inherited) @executable_path/Frameworks @loader_path/Frameworks";
				PRODUCT_NAME = "$(TARGET_NAME)";
				TEST_HOST = "$(BUILT_PRODUCTS_DIR)/Memo.app/Memo";
			};
			name = Debug;
		};
		F4FF82431B72FD71008A80DF /* Release */ = {
			isa = XCBuildConfiguration;
			buildSettings = {
				BUNDLE_LOADER = "$(TEST_HOST)";
				CODE_SIGN_IDENTITY = "iPhone Developer";
				"CODE_SIGN_IDENTITY[sdk=iphoneos*]" = "iPhone Developer";
				FRAMEWORK_SEARCH_PATHS = (
					"$(SDKROOT)/Developer/Library/Frameworks",
					"$(inherited)",
				);
				INFOPLIST_FILE = MemoTests/Info.plist;
				LD_RUNPATH_SEARCH_PATHS = "$(inherited) @executable_path/Frameworks @loader_path/Frameworks";
				PRODUCT_NAME = "$(TARGET_NAME)";
				TEST_HOST = "$(BUILT_PRODUCTS_DIR)/Memo.app/Memo";
			};
			name = Release;
		};
		F4FF82601B72FEF7008A80DF /* Debug */ = {
			isa = XCBuildConfiguration;
			buildSettings = {
				CODE_SIGN_ENTITLEMENTS = SharedMemo/SharedMemo.entitlements;
				CODE_SIGN_IDENTITY = "iPhone Developer";
				"CODE_SIGN_IDENTITY[sdk=iphoneos*]" = "iPhone Developer";
				EMBEDDED_CONTENT_CONTAINS_SWIFT = NO;
				GCC_PREPROCESSOR_DEFINITIONS = (
					"DEBUG=1",
					"$(inherited)",
				);
				INFOPLIST_FILE = SharedMemo/Info.plist;
				IPHONEOS_DEPLOYMENT_TARGET = 8.2;
				LD_RUNPATH_SEARCH_PATHS = "$(inherited) @executable_path/Frameworks @executable_path/../../Frameworks";
				PRODUCT_NAME = "$(TARGET_NAME)";
				PROVISIONING_PROFILE = "";
				SKIP_INSTALL = YES;
			};
			name = Debug;
		};
		F4FF82611B72FEF7008A80DF /* Release */ = {
			isa = XCBuildConfiguration;
			buildSettings = {
				CODE_SIGN_ENTITLEMENTS = SharedMemo/SharedMemo.entitlements;
				CODE_SIGN_IDENTITY = "iPhone Developer";
				"CODE_SIGN_IDENTITY[sdk=iphoneos*]" = "iPhone Distribution: Jun Li (SS76CD8QRS)";
				EMBEDDED_CONTENT_CONTAINS_SWIFT = NO;
				INFOPLIST_FILE = SharedMemo/Info.plist;
				IPHONEOS_DEPLOYMENT_TARGET = 8.2;
				LD_RUNPATH_SEARCH_PATHS = "$(inherited) @executable_path/Frameworks @executable_path/../../Frameworks";
				PRODUCT_NAME = "$(TARGET_NAME)";
				PROVISIONING_PROFILE = "";
				SKIP_INSTALL = YES;
			};
			name = Release;
		};
/* End XCBuildConfiguration section */

/* Begin XCConfigurationList section */
		F4EF79B41B75FF2E00C1B22E /* Build configuration list for PBXNativeTarget "印象便签 WatchKit App" */ = {
			isa = XCConfigurationList;
			buildConfigurations = (
				F4EF79B21B75FF2E00C1B22E /* Debug */,
				F4EF79B31B75FF2E00C1B22E /* Release */,
			);
			defaultConfigurationIsVisible = 0;
			defaultConfigurationName = Release;
		};
		F4EF79B51B75FF2E00C1B22E /* Build configuration list for PBXNativeTarget "印象便签 WatchKit Extension" */ = {
			isa = XCConfigurationList;
			buildConfigurations = (
				F4EF79B01B75FF2E00C1B22E /* Debug */,
				F4EF79B11B75FF2E00C1B22E /* Release */,
			);
			defaultConfigurationIsVisible = 0;
			defaultConfigurationName = Release;
		};
		F4FF82171B72FD71008A80DF /* Build configuration list for PBXProject "Memo" */ = {
			isa = XCConfigurationList;
			buildConfigurations = (
				F4FF823C1B72FD71008A80DF /* Debug */,
				F4FF823D1B72FD71008A80DF /* Release */,
			);
			defaultConfigurationIsVisible = 0;
			defaultConfigurationName = Release;
		};
		F4FF823E1B72FD71008A80DF /* Build configuration list for PBXNativeTarget "Memo" */ = {
			isa = XCConfigurationList;
			buildConfigurations = (
				F4FF823F1B72FD71008A80DF /* Debug */,
				F4FF82401B72FD71008A80DF /* Release */,
			);
			defaultConfigurationIsVisible = 0;
			defaultConfigurationName = Release;
		};
		F4FF82411B72FD71008A80DF /* Build configuration list for PBXNativeTarget "MemoTests" */ = {
			isa = XCConfigurationList;
			buildConfigurations = (
				F4FF82421B72FD71008A80DF /* Debug */,
				F4FF82431B72FD71008A80DF /* Release */,
			);
			defaultConfigurationIsVisible = 0;
			defaultConfigurationName = Release;
		};
		F4FF825F1B72FEF7008A80DF /* Build configuration list for PBXNativeTarget "SharedMemo" */ = {
			isa = XCConfigurationList;
			buildConfigurations = (
				F4FF82601B72FEF7008A80DF /* Debug */,
				F4FF82611B72FEF7008A80DF /* Release */,
			);
			defaultConfigurationIsVisible = 0;
			defaultConfigurationName = Release;
		};
/* End XCConfigurationList section */

/* Begin XCVersionGroup section */
		F4FF82231B72FD71008A80DF /* Memo.xcdatamodeld */ = {
			isa = XCVersionGroup;
			children = (
				F4FF82241B72FD71008A80DF /* Memo.xcdatamodel */,
			);
			currentVersion = F4FF82241B72FD71008A80DF /* Memo.xcdatamodel */;
			path = Memo.xcdatamodeld;
			sourceTree = "<group>";
			versionGroupType = wrapper.xcdatamodel;
		};
/* End XCVersionGroup section */
	};
	rootObject = F4FF82141B72FD71008A80DF /* Project object */;
}
